
Microsoft Visual Studio Solution File, Format Version 11.00
# Visual Studio 2010
Project("{FAE04EC0-301F-11D3-BF4B-00C04F79EFBC}") = "EMREC.Web", "EMREC.Web\EMREC.Web.csproj", "{00A09FFB-A29B-4EA4-A2F5-7C218F953A02}"
EndProject
Project("{FAE04EC0-301F-11D3-BF4B-00C04F79EFBC}") = "EMREC.Core", "EMREC.Core\EMREC.Core.csproj", "{9EB53D52-DCE6-4319-AF56-B91E9F26CDCC}"
EndProject
Global
	GlobalSection(SolutionConfigurationPlatforms) = preSolution
		Debug|Any CPU = Debug|Any CPU
		Release|Any CPU = Release|Any CPU
	EndGlobalSection
	GlobalSection(ProjectConfigurationPlatforms) = postSolution
		{00A09FFB-A29B-4EA4-A2F5-7C218F953A02}.Debug|Any CPU.ActiveCfg = Debug|Any CPU
		{00A09FFB-A29B-4EA4-A2F5-7C218F953A02}.Debug|Any CPU.Build.0 = Debug|Any CPU
		{00A09FFB-A29B-4EA4-A2F5-7C218F953A02}.Release|Any CPU.ActiveCfg = Release|Any CPU
		{00A09FFB-A29B-4EA4-A2F5-7C218F953A02}.Release|Any CPU.Build.0 = Release|Any CPU
		{9EB53D52-DCE6-4319-AF56-B91E9F26CDCC}.Debug|Any CPU.ActiveCfg = Debug|Any CPU
		{9EB53D52-DCE6-4319-AF56-B91E9F26CDCC}.Debug|Any CPU.Build.0 = Debug|Any CPU
		{9EB53D52-DCE6-4319-AF56-B91E9F26CDCC}.Release|Any CPU.ActiveCfg = Release|Any CPU
		{9EB53D52-DCE6-4319-AF56-B91E9F26CDCC}.Release|Any CPU.Build.0 = Release|Any CPU
	EndGlobalSection
	GlobalSection(SolutionProperties) = preSolution
		HideSolutionNode = FALSE
	EndGlobalSection
EndGlobal
